
Microsoft Visual Studio Solution File, Format Version 12.00
# Visual Studio Version 16
VisualStudioVersion = 16.0.29609.76
MinimumVisualStudioVersion = 10.0.40219.1
Project("{9A19103F-16F7-4668-BE54-9A1E7A4F7556}") = "WebApi", "WebApi.csproj", "{C9AD2DB6-99D8-4B05-B8E7-E7A826E15453}"
EndProject
Global
	GlobalSection(SolutionConfigurationPlatforms) = preSolution
		Debug|Any CPU = Debug|Any CPU
		Release|Any CPU = Release|Any CPU
	EndGlobalSection
	GlobalSection(ProjectConfigurationPlatforms) = postSolution
		{C9AD2DB6-99D8-4B05-B8E7-E7A826E15453}.Debug|Any CPU.ActiveCfg = Debug|Any CPU
		{C9AD2DB6-99D8-4B05-B8E7-E7A826E15453}.Debug|Any CPU.Build.0 = Debug|Any CPU
		{C9AD2DB6-99D8-4B05-B8E7-E7A826E15453}.Release|Any CPU.ActiveCfg = Release|Any CPU
		{C9AD2DB6-99D8-4B05-B8E7-E7A826E15453}.Release|Any CPU.Build.0 = Release|Any CPU
	EndGlobalSection
	GlobalSection(SolutionProperties) = preSolution
		HideSolutionNode = FALSE
	EndGlobalSection
	GlobalSection(ExtensibilityGlobals) = postSolution
		SolutionGuid = {02F4F4F0-37F5-4E45-8AAA-8A01CA299841}
	EndGlobalSection
EndGlobal
